
Microsoft Visual Studio Solution File, Format Version 12.00
Project("{FAE04EC0-301F-11D3-BF4B-00C04F79EFBC}") = "rabota_1.1", "rabota_1.1\rabota_1.1.csproj", "{F8D9C08E-655D-433C-AED9-2B5DB48E3C50}"
EndProject
Project("{FAE04EC0-301F-11D3-BF4B-00C04F79EFBC}") = "rabota_1.2", "rabota_1.2\rabota_1.2.csproj", "{B3957B90-D06C-4E49-A537-B70A5FB570C2}"
EndProject
Project("{FAE04EC0-301F-11D3-BF4B-00C04F79EFBC}") = "rabota_1.3", "rabota_1.3\rabota_1.3.csproj", "{A90F8D56-687A-4273-8155-FE41F40D4CBC}"
EndProject
Project("{FAE04EC0-301F-11D3-BF4B-00C04F79EFBC}") = "rabota_1.4", "rabota_1.4\rabota_1.4.csproj", "{08C537C4-14C6-4B33-B9CB-98A39D005210}"
EndProject
Project("{FAE04EC0-301F-11D3-BF4B-00C04F79EFBC}") = "rabota 1.5", "rabota 1.5\rabota 1.5.csproj", "{EFD61A74-FDDD-4C24-B401-EC0F456366A1}"
EndProject
Project("{FAE04EC0-301F-11D3-BF4B-00C04F79EFBC}") = "rabota 1.6", "rabota 1.6\rabota 1.6.csproj", "{DB684457-100F-4272-A046-FF5FE1F90922}"
EndProject
Global
	GlobalSection(SolutionConfigurationPlatforms) = preSolution
		Debug|Any CPU = Debug|Any CPU
		Release|Any CPU = Release|Any CPU
	EndGlobalSection
	GlobalSection(ProjectConfigurationPlatforms) = postSolution
		{F8D9C08E-655D-433C-AED9-2B5DB48E3C50}.Debug|Any CPU.ActiveCfg = Debug|Any CPU
		{F8D9C08E-655D-433C-AED9-2B5DB48E3C50}.Debug|Any CPU.Build.0 = Debug|Any CPU
		{F8D9C08E-655D-433C-AED9-2B5DB48E3C50}.Release|Any CPU.ActiveCfg = Release|Any CPU
		{F8D9C08E-655D-433C-AED9-2B5DB48E3C50}.Release|Any CPU.Build.0 = Release|Any CPU
		{B3957B90-D06C-4E49-A537-B70A5FB570C2}.Debug|Any CPU.ActiveCfg = Debug|Any CPU
		{B3957B90-D06C-4E49-A537-B70A5FB570C2}.Debug|Any CPU.Build.0 = Debug|Any CPU
		{B3957B90-D06C-4E49-A537-B70A5FB570C2}.Release|Any CPU.ActiveCfg = Release|Any CPU
		{B3957B90-D06C-4E49-A537-B70A5FB570C2}.Release|Any CPU.Build.0 = Release|Any CPU
		{A90F8D56-687A-4273-8155-FE41F40D4CBC}.Debug|Any CPU.ActiveCfg = Debug|Any CPU
		{A90F8D56-687A-4273-8155-FE41F40D4CBC}.Debug|Any CPU.Build.0 = Debug|Any CPU
		{A90F8D56-687A-4273-8155-FE41F40D4CBC}.Release|Any CPU.ActiveCfg = Release|Any CPU
		{A90F8D56-687A-4273-8155-FE41F40D4CBC}.Release|Any CPU.Build.0 = Release|Any CPU
		{08C537C4-14C6-4B33-B9CB-98A39D005210}.Debug|Any CPU.ActiveCfg = Debug|Any CPU
		{08C537C4-14C6-4B33-B9CB-98A39D005210}.Debug|Any CPU.Build.0 = Debug|Any CPU
		{08C537C4-14C6-4B33-B9CB-98A39D005210}.Release|Any CPU.ActiveCfg = Release|Any CPU
		{08C537C4-14C6-4B33-B9CB-98A39D005210}.Release|Any CPU.Build.0 = Release|Any CPU
		{EFD61A74-FDDD-4C24-B401-EC0F456366A1}.Debug|Any CPU.ActiveCfg = Debug|Any CPU
		{EFD61A74-FDDD-4C24-B401-EC0F456366A1}.Debug|Any CPU.Build.0 = Debug|Any CPU
		{EFD61A74-FDDD-4C24-B401-EC0F456366A1}.Release|Any CPU.ActiveCfg = Release|Any CPU
		{EFD61A74-FDDD-4C24-B401-EC0F456366A1}.Release|Any CPU.Build.0 = Release|Any CPU
		{DB684457-100F-4272-A046-FF5FE1F90922}.Debug|Any CPU.ActiveCfg = Debug|Any CPU
		{DB684457-100F-4272-A046-FF5FE1F90922}.Debug|Any CPU.Build.0 = Debug|Any CPU
		{DB684457-100F-4272-A046-FF5FE1F90922}.Release|Any CPU.ActiveCfg = Release|Any CPU
		{DB684457-100F-4272-A046-FF5FE1F90922}.Release|Any CPU.Build.0 = Release|Any CPU
	EndGlobalSection
EndGlobal
